PODS:
  - MapboxCommon (24.4.0)
  - MapboxCoreMaps (11.4.0):
    - MapboxCommon (~> 24.4)
  - MapboxMaps (11.4.0):
    - MapboxCommon (= 24.4.0)
    - MapboxCoreMaps (= 11.4.0)
    - Turf (= 2.8.0)
  - MapboxSearch (2.0.0-rc.3):
    - MapboxCommon (~> 24.0)
  - MapboxSearchUI (2.0.0-rc.3):
    - MapboxSearch (< 2.0, >= 2.0.0-rc.3)
  - Turf (2.8.0)

DEPENDENCIES:
  - MapboxMaps (= 11.4.0)
  - MapboxSearchUI (< 2.0, >= 1.0.0-beta)

SPEC REPOS:
  trunk:
    - MapboxCommon
    - MapboxCoreMaps
    - MapboxMaps
    - MapboxSearch
    - MapboxSearchUI
    - Turf

SPEC CHECKSUMS:
  MapboxCommon: 6acbd8ff41d66abf498e1558b0739f25c562945a
  MapboxCoreMaps: f306bb1b10ebe995a2247b40e99322ab7f9b8071
  MapboxMaps: 82044383ae19ec124ff444ec4b5d3ce82cb36ba5
  MapboxSearch: e8a67e2e1ceff84df600a531e953184c8a23b94c
  MapboxSearchUI: d529e44ad9696176aa9d1840b200f3c035c2c058
  Turf: aa2ede4298009639d10db36aba1a7ebaad072a5e

PODFILE CHECKSUM: a49eb3368ab98b54e1245425311829a8bbcffec7

COCOAPODS: 1.15.2
