// !$*UTF8*$!
{
	archiveVersion = 1;
	classes = {
	};
	objectVersion = 56;
	objects = {

/* Begin PBXBuildFile section */
		D27F79F61D486F0EEC4CDA2A /* Pods_WeatherApp.framework in Frameworks */ = {isa = PBXBuildFile; fileRef = 265E1D611C673FAFE6F41238 /* Pods_WeatherApp.framework */; };
		E70BF3142C0DEAC000D364A7 /* WeatherDataModel.swift in Sources */ = {isa = PBXBuildFile; fileRef = E70BF3132C0DEAC000D364A7 /* WeatherDataModel.swift */; };
		E70BF3162C0DEE2100D364A7 /* DatabbaseOperations.swift in Sources */ = {isa = PBXBuildFile; fileRef = E70BF3152C0DEE2100D364A7 /* DatabbaseOperations.swift */; };
		E75171C62C0312DF00BC81C4 /* WeatherInfoAddressModel.swift in Sources */ = {isa = PBXBuildFile; fileRef = E75171C52C0312DF00BC81C4 /* WeatherInfoAddressModel.swift */; };
		E75171C82C031A7B00BC81C4 /* NetworkIconManager.swift in Sources */ = {isa = PBXBuildFile; fileRef = E75171C72C031A7B00BC81C4 /* NetworkIconManager.swift */; };
		E752E5D12BEA566200958B34 /* NetworkManager.swift in Sources */ = {isa = PBXBuildFile; fileRef = E752E5D02BEA566200958B34 /* NetworkManager.swift */; };
		E7557F502C08557C00F43026 /* SuggestNewtowrkCall.swift in Sources */ = {isa = PBXBuildFile; fileRef = E7557F4F2C08557C00F43026 /* SuggestNewtowrkCall.swift */; };
		E7557F5A2C0859EB00F43026 /* SuggestionTableViewCell.swift in Sources */ = {isa = PBXBuildFile; fileRef = E7557F582C0859EB00F43026 /* SuggestionTableViewCell.swift */; };
		E7557F5B2C0859EB00F43026 /* SuggestionTableViewCell.xib in Resources */ = {isa = PBXBuildFile; fileRef = E7557F592C0859EB00F43026 /* SuggestionTableViewCell.xib */; };
		E7557F5D2C08835600F43026 /* Coordinates.swift in Sources */ = {isa = PBXBuildFile; fileRef = E7557F5C2C08835600F43026 /* Coordinates.swift */; };
		E7557F5F2C08837900F43026 /* Properties.swift in Sources */ = {isa = PBXBuildFile; fileRef = E7557F5E2C08837900F43026 /* Properties.swift */; };
		E7557F612C08839D00F43026 /* Feature.swift in Sources */ = {isa = PBXBuildFile; fileRef = E7557F602C08839D00F43026 /* Feature.swift */; };
		E7557F632C0883BA00F43026 /* Retrieve.swift in Sources */ = {isa = PBXBuildFile; fileRef = E7557F622C0883BA00F43026 /* Retrieve.swift */; };
		E7557F652C08845900F43026 /* RetriveNetworkCall.swift in Sources */ = {isa = PBXBuildFile; fileRef = E7557F642C08845900F43026 /* RetriveNetworkCall.swift */; };
		E7557F6E2C089EF600F43026 /* SuggestedLocation.swift in Sources */ = {isa = PBXBuildFile; fileRef = E7557F6D2C089EF600F43026 /* SuggestedLocation.swift */; };
		E7557F702C089F2000F43026 /* Suggestion.swift in Sources */ = {isa = PBXBuildFile; fileRef = E7557F6F2C089F2000F43026 /* Suggestion.swift */; };
		E75AD08D2BE89DE000D940C8 /* AppDelegate.swift in Sources */ = {isa = PBXBuildFile; fileRef = E75AD08C2BE89DE000D940C8 /* AppDelegate.swift */; };
		E75AD08F2BE89DE000D940C8 /* SceneDelegate.swift in Sources */ = {isa = PBXBuildFile; fileRef = E75AD08E2BE89DE000D940C8 /* SceneDelegate.swift */; };
		E75AD0912BE89DE000D940C8 /* WeatherInfoViewController.swift in Sources */ = {isa = PBXBuildFile; fileRef = E75AD0902BE89DE000D940C8 /* WeatherInfoViewController.swift */; };
		E75AD0942BE89DE000D940C8 /* Base in Resources */ = {isa = PBXBuildFile; fileRef = E75AD0932BE89DE000D940C8 /* Base */; };
		E75AD0962BE89DE200D940C8 /* Assets.xcassets in Resources */ = {isa = PBXBuildFile; fileRef = E75AD0952BE89DE200D940C8 /* Assets.xcassets */; };
		E75AD0992BE89DE200D940C8 /* Base in Resources */ = {isa = PBXBuildFile; fileRef = E75AD0982BE89DE200D940C8 /* Base */; };
		E75AD0A32BE8A57B00D940C8 /* WeatherInfoData.swift in Sources */ = {isa = PBXBuildFile; fileRef = E75AD0A22BE8A57B00D940C8 /* WeatherInfoData.swift */; };
		E7686CCD2BF496EA0037505C /* MainModel.swift in Sources */ = {isa = PBXBuildFile; fileRef = E7686CCC2BF496EA0037505C /* MainModel.swift */; };
		E7686CCF2BF497170037505C /* WeatherModel.swift in Sources */ = {isa = PBXBuildFile; fileRef = E7686CCE2BF497170037505C /* WeatherModel.swift */; };
		E7686CD12BF4973A0037505C /* WindModel.swift in Sources */ = {isa = PBXBuildFile; fileRef = E7686CD02BF4973A0037505C /* WindModel.swift */; };
		E7686CD62BF4CC1B0037505C /* LocationTableViewCell.xib in Resources */ = {isa = PBXBuildFile; fileRef = E7686CD52BF4CC1B0037505C /* LocationTableViewCell.xib */; };
		E7686CD72BF4CC1B0037505C /* LocationTableViewCell.swift in Sources */ = {isa = PBXBuildFile; fileRef = E7686CD42BF4CC1B0037505C /* LocationTableViewCell.swift */; };
		E77AE8CC2C059F8A0066DC22 /* SearchLocationViewController.swift in Sources */ = {isa = PBXBuildFile; fileRef = E77AE8CB2C059F8A0066DC22 /* SearchLocationViewController.swift */; };
		E78D536F2BF6020B00F01530 /* CityModel.swift in Sources */ = {isa = PBXBuildFile; fileRef = E78D536E2BF6020B00F01530 /* CityModel.swift */; };
		E7900F1E2BECBF52003FD19A /* WeatherInfoCell.swift in Sources */ = {isa = PBXBuildFile; fileRef = E7900F1C2BECBF52003FD19A /* WeatherInfoCell.swift */; };
		E7900F1F2BECBF52003FD19A /* WeatherInfoCell.xib in Resources */ = {isa = PBXBuildFile; fileRef = E7900F1D2BECBF52003FD19A /* WeatherInfoCell.xib */; };
/* End PBXBuildFile section */

/* Begin PBXFileReference section */
		265E1D611C673FAFE6F41238 /* Pods_WeatherApp.framework */ = {isa = PBXFileReference; explicitFileType = wrapper.framework; includeInIndex = 0; path = Pods_WeatherApp.framework; sourceTree = BUILT_PRODUCTS_DIR; };
		9EED939DD977A2A02B260DF7 /* Pods-WeatherApp.release.xcconfig */ = {isa = PBXFileReference; includeInIndex = 1; lastKnownFileType = text.xcconfig; name = "Pods-WeatherApp.release.xcconfig"; path = "Target Support Files/Pods-WeatherApp/Pods-WeatherApp.release.xcconfig"; sourceTree = "<group>"; };
		CE589539E7941DECE2BE5DD2 /* Pods-WeatherApp.debug.xcconfig */ = {isa = PBXFileReference; includeInIndex = 1; lastKnownFileType = text.xcconfig; name = "Pods-WeatherApp.debug.xcconfig"; path = "Target Support Files/Pods-WeatherApp/Pods-WeatherApp.debug.xcconfig"; sourceTree = "<group>"; };
		E70BF3132C0DEAC000D364A7 /* WeatherDataModel.swift */ = {isa = PBXFileReference; lastKnownFileType = sourcecode.swift; path = WeatherDataModel.swift; sourceTree = "<group>"; };
		E70BF3152C0DEE2100D364A7 /* DatabbaseOperations.swift */ = {isa = PBXFileReference; lastKnownFileType = sourcecode.swift; path = DatabbaseOperations.swift; sourceTree = "<group>"; };
		E75171C52C0312DF00BC81C4 /* WeatherInfoAddressModel.swift */ = {isa = PBXFileReference; lastKnownFileType = sourcecode.swift; path = WeatherInfoAddressModel.swift; sourceTree = "<group>"; };
		E75171C72C031A7B00BC81C4 /* NetworkIconManager.swift */ = {isa = PBXFileReference; lastKnownFileType = sourcecode.swift; path = NetworkIconManager.swift; sourceTree = "<group>"; };
		E752E5D02BEA566200958B34 /* NetworkManager.swift */ = {isa = PBXFileReference; lastKnownFileType = sourcecode.swift; path = NetworkManager.swift; sourceTree = "<group>"; };
		E7557F4F2C08557C00F43026 /* SuggestNewtowrkCall.swift */ = {isa = PBXFileReference; fileEncoding = 4; lastKnownFileType = sourcecode.swift; name = SuggestNewtowrkCall.swift; path = ../../../MapboxCustomSearch/MapboxCustomSearch/SuggestNewtowrkCall.swift; sourceTree = "<group>"; };
		E7557F582C0859EB00F43026 /* SuggestionTableViewCell.swift */ = {isa = PBXFileReference; lastKnownFileType = sourcecode.swift; name = SuggestionTableViewCell.swift; path = WeatherApp/View/CustomSuggestionCell/SuggestionTableViewCell.swift; sourceTree = SOURCE_ROOT; };
		E7557F592C0859EB00F43026 /* SuggestionTableViewCell.xib */ = {isa = PBXFileReference; lastKnownFileType = file.xib; name = SuggestionTableViewCell.xib; path = WeatherApp/View/CustomSuggestionCell/SuggestionTableViewCell.xib; sourceTree = SOURCE_ROOT; };
		E7557F5C2C08835600F43026 /* Coordinates.swift */ = {isa = PBXFileReference; lastKnownFileType = sourcecode.swift; path = Coordinates.swift; sourceTree = "<group>"; };
		E7557F5E2C08837900F43026 /* Properties.swift */ = {isa = PBXFileReference; lastKnownFileType = sourcecode.swift; path = Properties.swift; sourceTree = "<group>"; };
		E7557F602C08839D00F43026 /* Feature.swift */ = {isa = PBXFileReference; lastKnownFileType = sourcecode.swift; path = Feature.swift; sourceTree = "<group>"; };
		E7557F622C0883BA00F43026 /* Retrieve.swift */ = {isa = PBXFileReference; lastKnownFileType = sourcecode.swift; path = Retrieve.swift; sourceTree = "<group>"; };
		E7557F642C08845900F43026 /* RetriveNetworkCall.swift */ = {isa = PBXFileReference; lastKnownFileType = sourcecode.swift; path = RetriveNetworkCall.swift; sourceTree = "<group>"; };
		E7557F672C089D4400F43026 /* SuggestedLocation.swift */ = {isa = PBXFileReference; lastKnownFileType = sourcecode.swift; path = SuggestedLocation.swift; sourceTree = "<group>"; };
		E7557F6D2C089EF600F43026 /* SuggestedLocation.swift */ = {isa = PBXFileReference; lastKnownFileType = sourcecode.swift; path = SuggestedLocation.swift; sourceTree = "<group>"; };
		E7557F6F2C089F2000F43026 /* Suggestion.swift */ = {isa = PBXFileReference; lastKnownFileType = sourcecode.swift; path = Suggestion.swift; sourceTree = "<group>"; };
		E75AD0892BE89DE000D940C8 /* WeatherApp.app */ = {isa = PBXFileReference; explicitFileType = wrapper.application; includeInIndex = 0; path = WeatherApp.app; sourceTree = BUILT_PRODUCTS_DIR; };
		E75AD08C2BE89DE000D940C8 /* AppDelegate.swift */ = {isa = PBXFileReference; lastKnownFileType = sourcecode.swift; path = AppDelegate.swift; sourceTree = "<group>"; };
		E75AD08E2BE89DE000D940C8 /* SceneDelegate.swift */ = {isa = PBXFileReference; lastKnownFileType = sourcecode.swift; path = SceneDelegate.swift; sourceTree = "<group>"; };
		E75AD0902BE89DE000D940C8 /* WeatherInfoViewController.swift */ = {isa = PBXFileReference; lastKnownFileType = sourcecode.swift; path = WeatherInfoViewController.swift; sourceTree = "<group>"; };
		E75AD0932BE89DE000D940C8 /* Base */ = {isa = PBXFileReference; lastKnownFileType = file.storyboard; name = Base; path = Base.lproj/Main.storyboard; sourceTree = "<group>"; };
		E75AD0952BE89DE200D940C8 /* Assets.xcassets */ = {isa = PBXFileReference; lastKnownFileType = folder.assetcatalog; path = Assets.xcassets; sourceTree = "<group>"; };
		E75AD0982BE89DE200D940C8 /* Base */ = {isa = PBXFileReference; lastKnownFileType = file.storyboard; name = Base; path = Base.lproj/LaunchScreen.storyboard; sourceTree = "<group>"; };
		E75AD09A2BE89DE200D940C8 /* Info.plist */ = {isa = PBXFileReference; lastKnownFileType = text.plist.xml; path = Info.plist; sourceTree = "<group>"; };
		E75AD0A22BE8A57B00D940C8 /* WeatherInfoData.swift */ = {isa = PBXFileReference; lastKnownFileType = sourcecode.swift; path = WeatherInfoData.swift; sourceTree = "<group>"; };
		E7686CCC2BF496EA0037505C /* MainModel.swift */ = {isa = PBXFileReference; lastKnownFileType = sourcecode.swift; path = MainModel.swift; sourceTree = "<group>"; };
		E7686CCE2BF497170037505C /* WeatherModel.swift */ = {isa = PBXFileReference; lastKnownFileType = sourcecode.swift; path = WeatherModel.swift; sourceTree = "<group>"; };
		E7686CD02BF4973A0037505C /* WindModel.swift */ = {isa = PBXFileReference; lastKnownFileType = sourcecode.swift; path = WindModel.swift; sourceTree = "<group>"; };
		E7686CD42BF4CC1B0037505C /* LocationTableViewCell.swift */ = {isa = PBXFileReference; lastKnownFileType = sourcecode.swift; path = LocationTableViewCell.swift; sourceTree = "<group>"; };
		E7686CD52BF4CC1B0037505C /* LocationTableViewCell.xib */ = {isa = PBXFileReference; lastKnownFileType = file.xib; path = LocationTableViewCell.xib; sourceTree = "<group>"; };
		E77AE8CB2C059F8A0066DC22 /* SearchLocationViewController.swift */ = {isa = PBXFileReference; lastKnownFileType = sourcecode.swift; path = SearchLocationViewController.swift; sourceTree = "<group>"; };
		E78D536E2BF6020B00F01530 /* CityModel.swift */ = {isa = PBXFileReference; lastKnownFileType = sourcecode.swift; path = CityModel.swift; sourceTree = "<group>"; };
		E7900F1C2BECBF52003FD19A /* WeatherInfoCell.swift */ = {isa = PBXFileReference; lastKnownFileType = sourcecode.swift; path = WeatherInfoCell.swift; sourceTree = "<group>"; };
		E7900F1D2BECBF52003FD19A /* WeatherInfoCell.xib */ = {isa = PBXFileReference; lastKnownFileType = file.xib; path = WeatherInfoCell.xib; sourceTree = "<group>"; };
/* End PBXFileReference section */

/* Begin PBXFrameworksBuildPhase section */
		E75AD0862BE89DE000D940C8 /* Frameworks */ = {
			isa = PBXFrameworksBuildPhase;
			buildActionMask = 2147483647;
			files = (
				D27F79F61D486F0EEC4CDA2A /* Pods_WeatherApp.framework in Frameworks */,
			);
			runOnlyForDeploymentPostprocessing = 0;
		};
/* End PBXFrameworksBuildPhase section */

/* Begin PBXGroup section */
		22DA7DC35BBA81071B50B02D /* Pods */ = {
			isa = PBXGroup;
			children = (
				CE589539E7941DECE2BE5DD2 /* Pods-WeatherApp.debug.xcconfig */,
				9EED939DD977A2A02B260DF7 /* Pods-WeatherApp.release.xcconfig */,
			);
			path = Pods;
			sourceTree = "<group>";
		};
		74E8537A62FDAF9B16A66D62 /* Frameworks */ = {
			isa = PBXGroup;
			children = (
				265E1D611C673FAFE6F41238 /* Pods_WeatherApp.framework */,
			);
			name = Frameworks;
			sourceTree = "<group>";
		};
		E70BF3122C0DEA9800D364A7 /* DabaseModels */ = {
			isa = PBXGroup;
			children = (
				E70BF3132C0DEAC000D364A7 /* WeatherDataModel.swift */,
			);
			path = DabaseModels;
			sourceTree = "<group>";
		};
		E713FC662BF21C850025FF5F /* Storyboard */ = {
			isa = PBXGroup;
			children = (
				E75AD0972BE89DE200D940C8 /* LaunchScreen.storyboard */,
				E75AD0922BE89DE000D940C8 /* Main.storyboard */,
			);
			path = Storyboard;
			sourceTree = "<group>";
		};
		E73FBDC52BEB3D490035CB6F /* AppAndSceneDelegate */ = {
			isa = PBXGroup;
			children = (
				E75AD08C2BE89DE000D940C8 /* AppDelegate.swift */,
				E75AD08E2BE89DE000D940C8 /* SceneDelegate.swift */,
			);
			path = AppAndSceneDelegate;
			sourceTree = "<group>";
		};
		E73FBDC62BEB3D610035CB6F /* ViewControllers */ = {
			isa = PBXGroup;
			children = (
				E75AD0902BE89DE000D940C8 /* WeatherInfoViewController.swift */,
				E77AE8CB2C059F8A0066DC22 /* SearchLocationViewController.swift */,
			);
			path = ViewControllers;
			sourceTree = "<group>";
		};
		E73FBDC72BEB3D910035CB6F /* View */ = {
			isa = PBXGroup;
			children = (
				E7557F552C0855B900F43026 /* CustomSuggestionCell */,
				E7686CD82BF4CC2C0037505C /* CustomLocationCell */,
				E7900F222BECE424003FD19A /* CustomWeatherInfoViewCell */,
			);
			path = View;
			sourceTree = "<group>";
		};
		E73FBDC82BEB3DA80035CB6F /* Resources */ = {
			isa = PBXGroup;
			children = (
				E75AD0952BE89DE200D940C8 /* Assets.xcassets */,
				E75AD09A2BE89DE200D940C8 /* Info.plist */,
			);
			path = Resources;
			sourceTree = "<group>";
		};
		E7557F552C0855B900F43026 /* CustomSuggestionCell */ = {
			isa = PBXGroup;
			children = (
				E7557F582C0859EB00F43026 /* SuggestionTableViewCell.swift */,
				E7557F592C0859EB00F43026 /* SuggestionTableViewCell.xib */,
			);
			path = CustomSuggestionCell;
			sourceTree = "<group>";
		};
		E7557F662C089D4400F43026 /* RetriveModels */ = {
			isa = PBXGroup;
			children = (
				E7557F672C089D4400F43026 /* SuggestedLocation.swift */,
				E7557F5C2C08835600F43026 /* Coordinates.swift */,
				E7557F5E2C08837900F43026 /* Properties.swift */,
				E7557F602C08839D00F43026 /* Feature.swift */,
				E7557F622C0883BA00F43026 /* Retrieve.swift */,
			);
			path = RetriveModels;
			sourceTree = "<group>";
		};
		E7557F682C089D5D00F43026 /* SuggestModels */ = {
			isa = PBXGroup;
			children = (
				E7557F6F2C089F2000F43026 /* Suggestion.swift */,
				E7557F6D2C089EF600F43026 /* SuggestedLocation.swift */,
			);
			path = SuggestModels;
			sourceTree = "<group>";
		};
		E7557F6B2C089D8200F43026 /* WeatherInfoModels */ = {
			isa = PBXGroup;
			children = (
				E75AD0A22BE8A57B00D940C8 /* WeatherInfoData.swift */,
				E7686CCC2BF496EA0037505C /* MainModel.swift */,
				E7686CCE2BF497170037505C /* WeatherModel.swift */,
				E7686CD02BF4973A0037505C /* WindModel.swift */,
				E78D536E2BF6020B00F01530 /* CityModel.swift */,
			);
			path = WeatherInfoModels;
			sourceTree = "<group>";
		};
		E7557F6C2C089D9F00F43026 /* BaseApiModels */ = {
			isa = PBXGroup;
			children = (
				E75171C52C0312DF00BC81C4 /* WeatherInfoAddressModel.swift */,
			);
			path = BaseApiModels;
			sourceTree = "<group>";
		};
		E75AD0802BE89DE000D940C8 = {
			isa = PBXGroup;
			children = (
				E75AD08B2BE89DE000D940C8 /* WeatherApp */,
				E75AD08A2BE89DE000D940C8 /* Products */,
				22DA7DC35BBA81071B50B02D /* Pods */,
				74E8537A62FDAF9B16A66D62 /* Frameworks */,
			);
			sourceTree = "<group>";
		};
		E75AD08A2BE89DE000D940C8 /* Products */ = {
			isa = PBXGroup;
			children = (
				E75AD0892BE89DE000D940C8 /* WeatherApp.app */,
			);
			name = Products;
			sourceTree = "<group>";
		};
		E75AD08B2BE89DE000D940C8 /* WeatherApp */ = {
			isa = PBXGroup;
			children = (
				E73FBDC52BEB3D490035CB6F /* AppAndSceneDelegate */,
				E73FBDC62BEB3D610035CB6F /* ViewControllers */,
				E73FBDC72BEB3D910035CB6F /* View */,
				E73FBDC82BEB3DA80035CB6F /* Resources */,
				E7900F202BECE3F8003FD19A /* Model */,
				E7900F212BECE411003FD19A /* Services */,
				E713FC662BF21C850025FF5F /* Storyboard */,
			);
			path = WeatherApp;
			sourceTree = "<group>";
		};
		E7686CD82BF4CC2C0037505C /* CustomLocationCell */ = {
			isa = PBXGroup;
			children = (
				E7686CD42BF4CC1B0037505C /* LocationTableViewCell.swift */,
				E7686CD52BF4CC1B0037505C /* LocationTableViewCell.xib */,
			);
			path = CustomLocationCell;
			sourceTree = "<group>";
		};
		E7900F202BECE3F8003FD19A /* Model */ = {
			isa = PBXGroup;
			children = (
				E70BF3122C0DEA9800D364A7 /* DabaseModels */,
				E7557F6B2C089D8200F43026 /* WeatherInfoModels */,
				E7557F6C2C089D9F00F43026 /* BaseApiModels */,
				E7557F662C089D4400F43026 /* RetriveModels */,
				E7557F682C089D5D00F43026 /* SuggestModels */,
			);
			path = Model;
			sourceTree = "<group>";
		};
		E7900F212BECE411003FD19A /* Services */ = {
			isa = PBXGroup;
			children = (
				E752E5D02BEA566200958B34 /* NetworkManager.swift */,
				E75171C72C031A7B00BC81C4 /* NetworkIconManager.swift */,
				E7557F4F2C08557C00F43026 /* SuggestNewtowrkCall.swift */,
				E7557F642C08845900F43026 /* RetriveNetworkCall.swift */,
				E70BF3152C0DEE2100D364A7 /* DatabbaseOperations.swift */,
			);
			path = Services;
			sourceTree = "<group>";
		};
		E7900F222BECE424003FD19A /* CustomWeatherInfoViewCell */ = {
			isa = PBXGroup;
			children = (
				E7900F1C2BECBF52003FD19A /* WeatherInfoCell.swift */,
				E7900F1D2BECBF52003FD19A /* WeatherInfoCell.xib */,
			);
			path = CustomWeatherInfoViewCell;
			sourceTree = "<group>";
		};
/* End PBXGroup section */

/* Begin PBXNativeTarget section */
		E75AD0882BE89DE000D940C8 /* WeatherApp */ = {
			isa = PBXNativeTarget;
			buildConfigurationList = E75AD09D2BE89DE200D940C8 /* Build configuration list for PBXNativeTarget "WeatherApp" */;
			buildPhases = (
				8F7380F7DC8D5144A7139AA4 /* [CP] Check Pods Manifest.lock */,
				E75AD0852BE89DE000D940C8 /* Sources */,
				E75AD0862BE89DE000D940C8 /* Frameworks */,
				E75AD0872BE89DE000D940C8 /* Resources */,
				3C15F9722DF98974D700FC0C /* [CP] Embed Pods Frameworks */,
			);
			buildRules = (
			);
			dependencies = (
			);
			name = WeatherApp;
			productName = weatherApp;
			productReference = E75AD0892BE89DE000D940C8 /* WeatherApp.app */;
			productType = "com.apple.product-type.application";
		};
/* End PBXNativeTarget section */

/* Begin PBXProject section */
		E75AD0812BE89DE000D940C8 /* Project object */ = {
			isa = PBXProject;
			attributes = {
				BuildIndependentTargetsInParallel = 1;
				LastSwiftUpdateCheck = 1530;
				LastUpgradeCheck = 1530;
				TargetAttributes = {
					E75AD0882BE89DE000D940C8 = {
						CreatedOnToolsVersion = 15.3;
					};
				};
			};
			buildConfigurationList = E75AD0842BE89DE000D940C8 /* Build configuration list for PBXProject "WeatherApp" */;
			compatibilityVersion = "Xcode 14.0";
			developmentRegion = en;
			hasScannedForEncodings = 0;
			knownRegions = (
				en,
				Base,
			);
			mainGroup = E75AD0802BE89DE000D940C8;
			productRefGroup = E75AD08A2BE89DE000D940C8 /* Products */;
			projectDirPath = "";
			projectRoot = "";
			targets = (
				E75AD0882BE89DE000D940C8 /* WeatherApp */,
			);
		};
/* End PBXProject section */

/* Begin PBXResourcesBuildPhase section */
		E75AD0872BE89DE000D940C8 /* Resources */ = {
			isa = PBXResourcesBuildPhase;
			buildActionMask = 2147483647;
			files = (
				E7686CD62BF4CC1B0037505C /* LocationTableViewCell.xib in Resources */,
				E7900F1F2BECBF52003FD19A /* WeatherInfoCell.xib in Resources */,
				E75AD0962BE89DE200D940C8 /* Assets.xcassets in Resources */,
				E7557F5B2C0859EB00F43026 /* SuggestionTableViewCell.xib in Resources */,
				E75AD0992BE89DE200D940C8 /* Base in Resources */,
				E75AD0942BE89DE000D940C8 /* Base in Resources */,
			);
			runOnlyForDeploymentPostprocessing = 0;
		};
/* End PBXResourcesBuildPhase section */

/* Begin PBXShellScriptBuildPhase section */
		3C15F9722DF98974D700FC0C /* [CP] Embed Pods Frameworks */ = {
			isa = PBXShellScriptBuildPhase;
			buildActionMask = 2147483647;
			files = (
			);
			inputFileListPaths = (
				"${PODS_ROOT}/Target Support Files/Pods-WeatherApp/Pods-WeatherApp-frameworks-${CONFIGURATION}-input-files.xcfilelist",
			);
			name = "[CP] Embed Pods Frameworks";
			outputFileListPaths = (
				"${PODS_ROOT}/Target Support Files/Pods-WeatherApp/Pods-WeatherApp-frameworks-${CONFIGURATION}-output-files.xcfilelist",
			);
			runOnlyForDeploymentPostprocessing = 0;
			shellPath = /bin/sh;
			shellScript = "\"${PODS_ROOT}/Target Support Files/Pods-WeatherApp/Pods-WeatherApp-frameworks.sh\"\n";
			showEnvVarsInLog = 0;
		};
		8F7380F7DC8D5144A7139AA4 /* [CP] Check Pods Manifest.lock */ = {
			isa = PBXShellScriptBuildPhase;
			buildActionMask = 2147483647;
			files = (
			);
			inputFileListPaths = (
			);
			inputPaths = (
				"${PODS_PODFILE_DIR_PATH}/Podfile.lock",
				"${PODS_ROOT}/Manifest.lock",
			);
			name = "[CP] Check Pods Manifest.lock";
			outputFileListPaths = (
			);
			outputPaths = (
				"$(DERIVED_FILE_DIR)/Pods-WeatherApp-checkManifestLockResult.txt",
			);
			runOnlyForDeploymentPostprocessing = 0;
			shellPath = /bin/sh;
			shellScript = "diff \"${PODS_PODFILE_DIR_PATH}/Podfile.lock\" \"${PODS_ROOT}/Manifest.lock\" > /dev/null\nif [ $? != 0 ] ; then\n    # print error to STDERR\n    echo \"error: The sandbox is not in sync with the Podfile.lock. Run 'pod install' or update your CocoaPods installation.\" >&2\n    exit 1\nfi\n# This output is used by Xcode 'outputs' to avoid re-running this script phase.\necho \"SUCCESS\" > \"${SCRIPT_OUTPUT_FILE_0}\"\n";
			showEnvVarsInLog = 0;
		};
/* End PBXShellScriptBuildPhase section */

/* Begin PBXSourcesBuildPhase section */
		E75AD0852BE89DE000D940C8 /* Sources */ = {
			isa = PBXSourcesBuildPhase;
			buildActionMask = 2147483647;
			files = (
				E7686CCD2BF496EA0037505C /* MainModel.swift in Sources */,
				E75171C82C031A7B00BC81C4 /* NetworkIconManager.swift in Sources */,
				E75AD0A32BE8A57B00D940C8 /* WeatherInfoData.swift in Sources */,
				E7557F652C08845900F43026 /* RetriveNetworkCall.swift in Sources */,
				E75AD0912BE89DE000D940C8 /* WeatherInfoViewController.swift in Sources */,
				E70BF3162C0DEE2100D364A7 /* DatabbaseOperations.swift in Sources */,
				E75171C62C0312DF00BC81C4 /* WeatherInfoAddressModel.swift in Sources */,
				E7686CD12BF4973A0037505C /* WindModel.swift in Sources */,
				E7900F1E2BECBF52003FD19A /* WeatherInfoCell.swift in Sources */,
				E7557F502C08557C00F43026 /* SuggestNewtowrkCall.swift in Sources */,
				E7557F5F2C08837900F43026 /* Properties.swift in Sources */,
				E7557F5D2C08835600F43026 /* Coordinates.swift in Sources */,
				E78D536F2BF6020B00F01530 /* CityModel.swift in Sources */,
				E75AD08D2BE89DE000D940C8 /* AppDelegate.swift in Sources */,
				E7557F5A2C0859EB00F43026 /* SuggestionTableViewCell.swift in Sources */,
				E7557F6E2C089EF600F43026 /* SuggestedLocation.swift in Sources */,
				E752E5D12BEA566200958B34 /* NetworkManager.swift in Sources */,
				E7557F702C089F2000F43026 /* Suggestion.swift in Sources */,
				E7557F612C08839D00F43026 /* Feature.swift in Sources */,
				E7686CD72BF4CC1B0037505C /* LocationTableViewCell.swift in Sources */,
				E7557F632C0883BA00F43026 /* Retrieve.swift in Sources */,
				E70BF3142C0DEAC000D364A7 /* WeatherDataModel.swift in Sources */,
				E77AE8CC2C059F8A0066DC22 /* SearchLocationViewController.swift in Sources */,
				E7686CCF2BF497170037505C /* WeatherModel.swift in Sources */,
				E75AD08F2BE89DE000D940C8 /* SceneDelegate.swift in Sources */,
			);
			runOnlyForDeploymentPostprocessing = 0;
		};
/* End PBXSourcesBuildPhase section */

/* Begin PBXVariantGroup section */
		E75AD0922BE89DE000D940C8 /* Main.storyboard */ = {
			isa = PBXVariantGroup;
			children = (
				E75AD0932BE89DE000D940C8 /* Base */,
			);
			name = Main.storyboard;
			sourceTree = "<group>";
		};
		E75AD0972BE89DE200D940C8 /* LaunchScreen.storyboard */ = {
			isa = PBXVariantGroup;
			children = (
				E75AD0982BE89DE200D940C8 /* Base */,
			);
			name = LaunchScreen.storyboard;
			sourceTree = "<group>";
		};
/* End PBXVariantGroup section */

/* Begin XCBuildConfiguration section */
		E75AD09B2BE89DE200D940C8 /* Debug */ = {
			isa = XCBuildConfiguration;
			buildSettings = {
				ALWAYS_SEARCH_USER_PATHS = NO;
				ASSETCATALOG_COMPILER_GENERATE_SWIFT_ASSET_SYMBOL_EXTENSIONS = YES;
				CLANG_ANALYZER_NONNULL = YES;
				CLANG_ANALYZER_NUMBER_OBJECT_CONVERSION = YES_AGGRESSIVE;
				CLANG_CXX_LANGUAGE_STANDARD = "gnu++20";
				CLANG_ENABLE_MODULES = YES;
				CLANG_ENABLE_OBJC_ARC = YES;
				CLANG_ENABLE_OBJC_WEAK = YES;
				CLANG_WARN_BLOCK_CAPTURE_AUTORELEASING = YES;
				CLANG_WARN_BOOL_CONVERSION = YES;
				CLANG_WARN_COMMA = YES;
				CLANG_WARN_CONSTANT_CONVERSION = YES;
				CLANG_WARN_DEPRECATED_OBJC_IMPLEMENTATIONS = YES;
				CLANG_WARN_DIRECT_OBJC_ISA_USAGE = YES_ERROR;
				CLANG_WARN_DOCUMENTATION_COMMENTS = YES;
				CLANG_WARN_EMPTY_BODY = YES;
				CLANG_WARN_ENUM_CONVERSION = YES;
				CLANG_WARN_INFINITE_RECURSION = YES;
				CLANG_WARN_INT_CONVERSION = YES;
				CLANG_WARN_NON_LITERAL_NULL_CONVERSION = YES;
				CLANG_WARN_OBJC_IMPLICIT_RETAIN_SELF = YES;
				CLANG_WARN_OBJC_LITERAL_CONVERSION = YES;
				CLANG_WARN_OBJC_ROOT_CLASS = YES_ERROR;
				CLANG_WARN_QUOTED_INCLUDE_IN_FRAMEWORK_HEADER = YES;
				CLANG_WARN_RANGE_LOOP_ANALYSIS = YES;
				CLANG_WARN_STRICT_PROTOTYPES = YES;
				CLANG_WARN_SUSPICIOUS_MOVE = YES;
				CLANG_WARN_UNGUARDED_AVAILABILITY = YES_AGGRESSIVE;
				CLANG_WARN_UNREACHABLE_CODE = YES;
				CLANG_WARN__DUPLICATE_METHOD_MATCH = YES;
				COPY_PHASE_STRIP = NO;
				DEBUG_INFORMATION_FORMAT = dwarf;
				ENABLE_STRICT_OBJC_MSGSEND = YES;
				ENABLE_TESTABILITY = YES;
				ENABLE_USER_SCRIPT_SANDBOXING = NO;
				GCC_C_LANGUAGE_STANDARD = gnu17;
				GCC_DYNAMIC_NO_PIC = NO;
				GCC_NO_COMMON_BLOCKS = YES;
				GCC_OPTIMIZATION_LEVEL = 0;
				GCC_PREPROCESSOR_DEFINITIONS = (
					"DEBUG=1",
					"$(inherited)",
				);
				GCC_WARN_64_TO_32_BIT_CONVERSION = YES;
				GCC_WARN_ABOUT_RETURN_TYPE = YES_ERROR;
				GCC_WARN_UNDECLARED_SELECTOR = YES;
				GCC_WARN_UNINITIALIZED_AUTOS = YES_AGGRESSIVE;
				GCC_WARN_UNUSED_FUNCTION = YES;
				GCC_WARN_UNUSED_VARIABLE = YES;
				IPHONEOS_DEPLOYMENT_TARGET = 17.4;
				LOCALIZATION_PREFERS_STRING_CATALOGS = YES;
				MTL_ENABLE_DEBUG_INFO = INCLUDE_SOURCE;
				MTL_FAST_MATH = YES;
				ONLY_ACTIVE_ARCH = YES;
				SDKROOT = iphoneos;
				SWIFT_ACTIVE_COMPILATION_CONDITIONS = "DEBUG $(inherited)";
				SWIFT_OPTIMIZATION_LEVEL = "-Onone";
			};
			name = Debug;
		};
		E75AD09C2BE89DE200D940C8 /* Release */ = {
			isa = XCBuildConfiguration;
			buildSettings = {
				ALWAYS_SEARCH_USER_PATHS = NO;
				ASSETCATALOG_COMPILER_GENERATE_SWIFT_ASSET_SYMBOL_EXTENSIONS = YES;
				CLANG_ANALYZER_NONNULL = YES;
				CLANG_ANALYZER_NUMBER_OBJECT_CONVERSION = YES_AGGRESSIVE;
				CLANG_CXX_LANGUAGE_STANDARD = "gnu++20";
				CLANG_ENABLE_MODULES = YES;
				CLANG_ENABLE_OBJC_ARC = YES;
				CLANG_ENABLE_OBJC_WEAK = YES;
				CLANG_WARN_BLOCK_CAPTURE_AUTORELEASING = YES;
				CLANG_WARN_BOOL_CONVERSION = YES;
				CLANG_WARN_COMMA = YES;
				CLANG_WARN_CONSTANT_CONVERSION = YES;
				CLANG_WARN_DEPRECATED_OBJC_IMPLEMENTATIONS = YES;
				CLANG_WARN_DIRECT_OBJC_ISA_USAGE = YES_ERROR;
				CLANG_WARN_DOCUMENTATION_COMMENTS = YES;
				CLANG_WARN_EMPTY_BODY = YES;
				CLANG_WARN_ENUM_CONVERSION = YES;
				CLANG_WARN_INFINITE_RECURSION = YES;
				CLANG_WARN_INT_CONVERSION = YES;
				CLANG_WARN_NON_LITERAL_NULL_CONVERSION = YES;
				CLANG_WARN_OBJC_IMPLICIT_RETAIN_SELF = YES;
				CLANG_WARN_OBJC_LITERAL_CONVERSION = YES;
				CLANG_WARN_OBJC_ROOT_CLASS = YES_ERROR;
				CLANG_WARN_QUOTED_INCLUDE_IN_FRAMEWORK_HEADER = YES;
				CLANG_WARN_RANGE_LOOP_ANALYSIS = YES;
				CLANG_WARN_STRICT_PROTOTYPES = YES;
				CLANG_WARN_SUSPICIOUS_MOVE = YES;
				CLANG_WARN_UNGUARDED_AVAILABILITY = YES_AGGRESSIVE;
				CLANG_WARN_UNREACHABLE_CODE = YES;
				CLANG_WARN__DUPLICATE_METHOD_MATCH = YES;
				COPY_PHASE_STRIP = NO;
				DEBUG_INFORMATION_FORMAT = "dwarf-with-dsym";
				ENABLE_NS_ASSERTIONS = NO;
				ENABLE_STRICT_OBJC_MSGSEND = YES;
				ENABLE_USER_SCRIPT_SANDBOXING = NO;
				GCC_C_LANGUAGE_STANDARD = gnu17;
				GCC_NO_COMMON_BLOCKS = YES;
				GCC_WARN_64_TO_32_BIT_CONVERSION = YES;
				GCC_WARN_ABOUT_RETURN_TYPE = YES_ERROR;
				GCC_WARN_UNDECLARED_SELECTOR = YES;
				GCC_WARN_UNINITIALIZED_AUTOS = YES_AGGRESSIVE;
				GCC_WARN_UNUSED_FUNCTION = YES;
				GCC_WARN_UNUSED_VARIABLE = YES;
				IPHONEOS_DEPLOYMENT_TARGET = 17.4;
				LOCALIZATION_PREFERS_STRING_CATALOGS = YES;
				MTL_ENABLE_DEBUG_INFO = NO;
				MTL_FAST_MATH = YES;
				SDKROOT = iphoneos;
				SWIFT_COMPILATION_MODE = wholemodule;
				VALIDATE_PRODUCT = YES;
			};
			name = Release;
		};
		E75AD09E2BE89DE200D940C8 /* Debug */ = {
			isa = XCBuildConfiguration;
			baseConfigurationReference = CE589539E7941DECE2BE5DD2 /* Pods-WeatherApp.debug.xcconfig */;
			buildSettings = {
				ASSETCATALOG_COMPILER_APPICON_NAME = AppIcon;
				ASSETCATALOG_COMPILER_GLOBAL_ACCENT_COLOR_NAME = AccentColor;
				CODE_SIGN_ENTITLEMENTS = "";
				CODE_SIGN_STYLE = Automatic;
				CURRENT_PROJECT_VERSION = 1;
				DEVELOPMENT_TEAM = 7WGW45T97M;
				GENERATE_INFOPLIST_FILE = YES;
				INFOPLIST_FILE = weatherApp/Resources/Info.plist;
				INFOPLIST_KEY_NSLocationWhenInUseUsageDescription = "Enable location";
				INFOPLIST_KEY_UIApplicationSupportsIndirectInputEvents = YES;
				INFOPLIST_KEY_UILaunchStoryboardName = LaunchScreen;
				INFOPLIST_KEY_UIMainStoryboardFile = Main;
				INFOPLIST_KEY_UISupportedInterfaceOrientations_iPad = "UIInterfaceOrientationPortrait UIInterfaceOrientationPortraitUpsideDown UIInterfaceOrientationLandscapeLeft UIInterfaceOrientationLandscapeRight";
				INFOPLIST_KEY_UISupportedInterfaceOrientations_iPhone = "UIInterfaceOrientationPortrait UIInterfaceOrientationLandscapeLeft UIInterfaceOrientationLandscapeRight";
				LD_RUNPATH_SEARCH_PATHS = (
					"$(inherited)",
					"@executable_path/Frameworks",
				);
				MARKETING_VERSION = 1.0;
				PRODUCT_BUNDLE_IDENTIFIER = selfPractice.weatherApp;
				PRODUCT_NAME = "$(TARGET_NAME)";
				SWIFT_EMIT_LOC_STRINGS = YES;
				SWIFT_VERSION = 5.0;
				TARGETED_DEVICE_FAMILY = "1,2";
			};
			name = Debug;
		};
		E75AD09F2BE89DE200D940C8 /* Release */ = {
			isa = XCBuildConfiguration;
			baseConfigurationReference = 9EED939DD977A2A02B260DF7 /* Pods-WeatherApp.release.xcconfig */;
			buildSettings = {
				ASSETCATALOG_COMPILER_APPICON_NAME = AppIcon;
				ASSETCATALOG_COMPILER_GLOBAL_ACCENT_COLOR_NAME = AccentColor;
				CODE_SIGN_ENTITLEMENTS = "";
				CODE_SIGN_STYLE = Automatic;
				CURRENT_PROJECT_VERSION = 1;
				DEVELOPMENT_TEAM = 7WGW45T97M;
				GENERATE_INFOPLIST_FILE = YES;
				INFOPLIST_FILE = weatherApp/Resources/Info.plist;
				INFOPLIST_KEY_NSLocationWhenInUseUsageDescription = "Enable location";
				INFOPLIST_KEY_UIApplicationSupportsIndirectInputEvents = YES;
				INFOPLIST_KEY_UILaunchStoryboardName = LaunchScreen;
				INFOPLIST_KEY_UIMainStoryboardFile = Main;
				INFOPLIST_KEY_UISupportedInterfaceOrientations_iPad = "UIInterfaceOrientationPortrait UIInterfaceOrientationPortraitUpsideDown UIInterfaceOrientationLandscapeLeft UIInterfaceOrientationLandscapeRight";
				INFOPLIST_KEY_UISupportedInterfaceOrientations_iPhone = "UIInterfaceOrientationPortrait UIInterfaceOrientationLandscapeLeft UIInterfaceOrientationLandscapeRight";
				LD_RUNPATH_SEARCH_PATHS = (
					"$(inherited)",
					"@executable_path/Frameworks",
				);
				MARKETING_VERSION = 1.0;
				PRODUCT_BUNDLE_IDENTIFIER = selfPractice.weatherApp;
				PRODUCT_NAME = "$(TARGET_NAME)";
				SWIFT_EMIT_LOC_STRINGS = YES;
				SWIFT_VERSION = 5.0;
				TARGETED_DEVICE_FAMILY = "1,2";
			};
			name = Release;
		};
/* End XCBuildConfiguration section */

/* Begin XCConfigurationList section */
		E75AD0842BE89DE000D940C8 /* Build configuration list for PBXProject "WeatherApp" */ = {
			isa = XCConfigurationList;
			buildConfigurations = (
				E75AD09B2BE89DE200D940C8 /* Debug */,
				E75AD09C2BE89DE200D940C8 /* Release */,
			);
			defaultConfigurationIsVisible = 0;
			defaultConfigurationName = Release;
		};
		E75AD09D2BE89DE200D940C8 /* Build configuration list for PBXNativeTarget "WeatherApp" */ = {
			isa = XCConfigurationList;
			buildConfigurations = (
				E75AD09E2BE89DE200D940C8 /* Debug */,
				E75AD09F2BE89DE200D940C8 /* Release */,
			);
			defaultConfigurationIsVisible = 0;
			defaultConfigurationName = Release;
		};
/* End XCConfigurationList section */
	};
	rootObject = E75AD0812BE89DE000D940C8 /* Project object */;
}
